
Microsoft Visual Studio Solution File, Format Version 12.00
# Visual Studio Version 16
VisualStudioVersion = 16.0.31729.503
MinimumVisualStudioVersion = 10.0.40219.1
Project("{9A19103F-16F7-4668-BE54-9A1E7A4F7556}") = "Client", "Client\Client.csproj", "{C9940FAD-96D2-4466-BAF1-615E3A00D9B8}"
EndProject
Project("{9A19103F-16F7-4668-BE54-9A1E7A4F7556}") = "Server", "Server\Server.csproj", "{086DAC39-6B3A-433D-A5C5-C6F9FC53FF4A}"
EndProject
Project("{9A19103F-16F7-4668-BE54-9A1E7A4F7556}") = "Common", "Common\Common.csproj", "{D525DFDF-0057-4B1F-BB6A-01CFEDA98296}"
EndProject
Global
	GlobalSection(SolutionConfigurationPlatforms) = preSolution
		Debug|Any CPU = Debug|Any CPU
		Release|Any CPU = Release|Any CPU
	EndGlobalSection
	GlobalSection(ProjectConfigurationPlatforms) = postSolution
		{C9940FAD-96D2-4466-BAF1-615E3A00D9B8}.Debug|Any CPU.ActiveCfg = Debug|Any CPU
		{C9940FAD-96D2-4466-BAF1-615E3A00D9B8}.Debug|Any CPU.Build.0 = Debug|Any CPU
		{C9940FAD-96D2-4466-BAF1-615E3A00D9B8}.Release|Any CPU.ActiveCfg = Release|Any CPU
		{C9940FAD-96D2-4466-BAF1-615E3A00D9B8}.Release|Any CPU.Build.0 = Release|Any CPU
		{086DAC39-6B3A-433D-A5C5-C6F9FC53FF4A}.Debug|Any CPU.ActiveCfg = Debug|Any CPU
		{086DAC39-6B3A-433D-A5C5-C6F9FC53FF4A}.Debug|Any CPU.Build.0 = Debug|Any CPU
		{086DAC39-6B3A-433D-A5C5-C6F9FC53FF4A}.Release|Any CPU.ActiveCfg = Release|Any CPU
		{086DAC39-6B3A-433D-A5C5-C6F9FC53FF4A}.Release|Any CPU.Build.0 = Release|Any CPU
		{D525DFDF-0057-4B1F-BB6A-01CFEDA98296}.Debug|Any CPU.ActiveCfg = Debug|Any CPU
		{D525DFDF-0057-4B1F-BB6A-01CFEDA98296}.Debug|Any CPU.Build.0 = Debug|Any CPU
		{D525DFDF-0057-4B1F-BB6A-01CFEDA98296}.Release|Any CPU.ActiveCfg = Release|Any CPU
		{D525DFDF-0057-4B1F-BB6A-01CFEDA98296}.Release|Any CPU.Build.0 = Release|Any CPU
	EndGlobalSection
	GlobalSection(SolutionProperties) = preSolution
		HideSolutionNode = FALSE
	EndGlobalSection
	GlobalSection(ExtensibilityGlobals) = postSolution
		SolutionGuid = {19529C7B-2CEE-4DB6-BA51-5D0C4993CDC1}
	EndGlobalSection
EndGlobal
